
Microsoft Visual Studio Solution File, Format Version 12.00
# Visual Studio Version 16
VisualStudioVersion = 16.0.30804.86
MinimumVisualStudioVersion = 10.0.40219.1
Project("{00D1A9C2-B5F0-4AF3-8072-F6C62B433612}") = "UniversityDB", "UniversityDB\UniversityDB.sqlproj", "{EB40118C-2E19-4D2F-BDDF-02A6E77BC112}"
EndProject
Global
	GlobalSection(SolutionConfigurationPlatforms) = preSolution
		Debug|Any CPU = Debug|Any CPU
		Release|Any CPU = Release|Any CPU
	EndGlobalSection
	GlobalSection(ProjectConfigurationPlatforms) = postSolution
		{EB40118C-2E19-4D2F-BDDF-02A6E77BC112}.Debug|Any CPU.ActiveCfg = Debug|Any CPU
		{EB40118C-2E19-4D2F-BDDF-02A6E77BC112}.Debug|Any CPU.Build.0 = Debug|Any CPU
		{EB40118C-2E19-4D2F-BDDF-02A6E77BC112}.Debug|Any CPU.Deploy.0 = Debug|Any CPU
		{EB40118C-2E19-4D2F-BDDF-02A6E77BC112}.Release|Any CPU.ActiveCfg = Release|Any CPU
		{EB40118C-2E19-4D2F-BDDF-02A6E77BC112}.Release|Any CPU.Build.0 = Release|Any CPU
		{EB40118C-2E19-4D2F-BDDF-02A6E77BC112}.Release|Any CPU.Deploy.0 = Release|Any CPU
	EndGlobalSection
	GlobalSection(SolutionProperties) = preSolution
		HideSolutionNode = FALSE
	EndGlobalSection
	GlobalSection(ExtensibilityGlobals) = postSolution
		SolutionGuid = {8EA9EA95-4ABF-4209-9B38-03A73FA6469A}
	EndGlobalSection
EndGlobal
